// !$*UTF8*$!
{
	archiveVersion = 1;
	classes = {
	};
	objectVersion = 46;
	objects = {

/* Begin PBXBuildFile section */
		C454452A1D1BB93800CC9214 /* AppDelegate.swift in Sources */ = {isa = PBXBuildFile; fileRef = C45445291D1BB93800CC9214 /* AppDelegate.swift */; };
		C454452C1D1BB93800CC9214 /* ViewController.swift in Sources */ = {isa = PBXBuildFile; fileRef = C454452B1D1BB93800CC9214 /* ViewController.swift */; };
		C454452F1D1BB93800CC9214 /* Main.storyboard in Resources */ = {isa = PBXBuildFile; fileRef = C454452D1D1BB93800CC9214 /* Main.storyboard */; };
		C45445311D1BB93800CC9214 /* Assets.xcassets in Resources */ = {isa = PBXBuildFile; fileRef = C45445301D1BB93800CC9214 /* Assets.xcassets */; };
		C45445341D1BB93800CC9214 /* LaunchScreen.storyboard in Resources */ = {isa = PBXBuildFile; fileRef = C45445321D1BB93800CC9214 /* LaunchScreen.storyboard */; };
		C454453F1D1BB93900CC9214 /* Easy_AuthenTests.swift in Sources */ = {isa = PBXBuildFile; fileRef = C454453E1D1BB93900CC9214 /* Easy_AuthenTests.swift */; };
		C454454A1D1BB93900CC9214 /* Easy_AuthenUITests.swift in Sources */ = {isa = PBXBuildFile; fileRef = C45445491D1BB93900CC9214 /* Easy_AuthenUITests.swift */; };
		C45445581D1BD22100CC9214 /* ServiceViewController.swift in Sources */ = {isa = PBXBuildFile; fileRef = C45445571D1BD22100CC9214 /* ServiceViewController.swift */; };
/* End PBXBuildFile section */

/* Begin PBXContainerItemProxy section */
		C454453B1D1BB93900CC9214 /* PBXContainerItemProxy */ = {
			isa = PBXContainerItemProxy;
			containerPortal = C454451E1D1BB93800CC9214 /* Project object */;
			proxyType = 1;
			remoteGlobalIDString = C45445251D1BB93800CC9214;
			remoteInfo = "Easy Authen";
		};
		C45445461D1BB93900CC9214 /* PBXContainerItemProxy */ = {
			isa = PBXContainerItemProxy;
			containerPortal = C454451E1D1BB93800CC9214 /* Project object */;
			proxyType = 1;
			remoteGlobalIDString = C45445251D1BB93800CC9214;
			remoteInfo = "Easy Authen";
		};
/* End PBXContainerItemProxy section */

/* Begin PBXFileReference section */
		C45445261D1BB93800CC9214 /* Easy Authen.app */ = {isa = PBXFileReference; explicitFileType = wrapper.application; includeInIndex = 0; path = "Easy Authen.app"; sourceTree = BUILT_PRODUCTS_DIR; };
		C45445291D1BB93800CC9214 /* AppDelegate.swift */ = {isa = PBXFileReference; lastKnownFileType = sourcecode.swift; path = AppDelegate.swift; sourceTree = "<group>"; };
		C454452B1D1BB93800CC9214 /* ViewController.swift */ = {isa = PBXFileReference; lastKnownFileType = sourcecode.swift; path = ViewController.swift; sourceTree = "<group>"; };
		C454452E1D1BB93800CC9214 /* Base */ = {isa = PBXFileReference; lastKnownFileType = file.storyboard; name = Base; path = Base.lproj/Main.storyboard; sourceTree = "<group>"; };
		C45445301D1BB93800CC9214 /* Assets.xcassets */ = {isa = PBXFileReference; lastKnownFileType = folder.assetcatalog; path = Assets.xcassets; sourceTree = "<group>"; };
		C45445331D1BB93800CC9214 /* Base */ = {isa = PBXFileReference; lastKnownFileType = file.storyboard; name = Base; path = Base.lproj/LaunchScreen.storyboard; sourceTree = "<group>"; };
		C45445351D1BB93800CC9214 /* Info.plist */ = {isa = PBXFileReference; lastKnownFileType = text.plist.xml; path = Info.plist; sourceTree = "<group>"; };
		C454453A1D1BB93900CC9214 /* Easy AuthenTests.xctest */ = {isa = PBXFileReference; explicitFileType = wrapper.cfbundle; includeInIndex = 0; path = "Easy AuthenTests.xctest"; sourceTree = BUILT_PRODUCTS_DIR; };
		C454453E1D1BB93900CC9214 /* Easy_AuthenTests.swift */ = {isa = PBXFileReference; lastKnownFileType = sourcecode.swift; path = Easy_AuthenTests.swift; sourceTree = "<group>"; };
		C45445401D1BB93900CC9214 /* Info.plist */ = {isa = PBXFileReference; lastKnownFileType = text.plist.xml; path = Info.plist; sourceTree = "<group>"; };
		C45445451D1BB93900CC9214 /* Easy AuthenUITests.xctest */ = {isa = PBXFileReference; explicitFileType = wrapper.cfbundle; includeInIndex = 0; path = "Easy AuthenUITests.xctest"; sourceTree = BUILT_PRODUCTS_DIR; };
		C45445491D1BB93900CC9214 /* Easy_AuthenUITests.swift */ = {isa = PBXFileReference; lastKnownFileType = sourcecode.swift; path = Easy_AuthenUITests.swift; sourceTree = "<group>"; };
		C454454B1D1BB93900CC9214 /* Info.plist */ = {isa = PBXFileReference; lastKnownFileType = text.plist.xml; path = Info.plist; sourceTree = "<group>"; };
		C45445571D1BD22100CC9214 /* ServiceViewController.swift */ = {isa = PBXFileReference; fileEncoding = 4; lastKnownFileType = sourcecode.swift; path = ServiceViewController.swift; sourceTree = "<group>"; };
/* End PBXFileReference section */

/* Begin PBXFrameworksBuildPhase section */
		C45445231D1BB93800CC9214 /* Frameworks */ = {
			isa = PBXFrameworksBuildPhase;
			buildActionMask = 2147483647;
			files = (
			);
			runOnlyForDeploymentPostprocessing = 0;
		};
		C45445371D1BB93900CC9214 /* Frameworks */ = {
			isa = PBXFrameworksBuildPhase;
			buildActionMask = 2147483647;
			files = (
			);
			runOnlyForDeploymentPostprocessing = 0;
		};
		C45445421D1BB93900CC9214 /* Frameworks */ = {
			isa = PBXFrameworksBuildPhase;
			buildActionMask = 2147483647;
			files = (
			);
			runOnlyForDeploymentPostprocessing = 0;
		};
/* End PBXFrameworksBuildPhase section */

/* Begin PBXGroup section */
		C454451D1D1BB93800CC9214 = {
			isa = PBXGroup;
			children = (
				C45445281D1BB93800CC9214 /* Easy Authen */,
				C454453D1D1BB93900CC9214 /* Easy AuthenTests */,
				C45445481D1BB93900CC9214 /* Easy AuthenUITests */,
				C45445271D1BB93800CC9214 /* Products */,
			);
			sourceTree = "<group>";
		};
		C45445271D1BB93800CC9214 /* Products */ = {
			isa = PBXGroup;
			children = (
				C45445261D1BB93800CC9214 /* Easy Authen.app */,
				C454453A1D1BB93900CC9214 /* Easy AuthenTests.xctest */,
				C45445451D1BB93900CC9214 /* Easy AuthenUITests.xctest */,
			);
			name = Products;
			sourceTree = "<group>";
		};
		C45445281D1BB93800CC9214 /* Easy Authen */ = {
			isa = PBXGroup;
			children = (
				C45445291D1BB93800CC9214 /* AppDelegate.swift */,
				C45445571D1BD22100CC9214 /* ServiceViewController.swift */,
				C454452B1D1BB93800CC9214 /* ViewController.swift */,
				C454452D1D1BB93800CC9214 /* Main.storyboard */,
				C45445301D1BB93800CC9214 /* Assets.xcassets */,
				C45445321D1BB93800CC9214 /* LaunchScreen.storyboard */,
				C45445351D1BB93800CC9214 /* Info.plist */,
			);
			path = "Easy Authen";
			sourceTree = "<group>";
		};
		C454453D1D1BB93900CC9214 /* Easy AuthenTests */ = {
			isa = PBXGroup;
			children = (
				C454453E1D1BB93900CC9214 /* Easy_AuthenTests.swift */,
				C45445401D1BB93900CC9214 /* Info.plist */,
			);
			path = "Easy AuthenTests";
			sourceTree = "<group>";
		};
		C45445481D1BB93900CC9214 /* Easy AuthenUITests */ = {
			isa = PBXGroup;
			children = (
				C45445491D1BB93900CC9214 /* Easy_AuthenUITests.swift */,
				C454454B1D1BB93900CC9214 /* Info.plist */,
			);
			path = "Easy AuthenUITests";
			sourceTree = "<group>";
		};
/* End PBXGroup section */

/* Begin PBXNativeTarget section */
		C45445251D1BB93800CC9214 /* Easy Authen */ = {
			isa = PBXNativeTarget;
			buildConfigurationList = C454454E1D1BB93900CC9214 /* Build configuration list for PBXNativeTarget "Easy Authen" */;
			buildPhases = (
				C45445221D1BB93800CC9214 /* Sources */,
				C45445231D1BB93800CC9214 /* Frameworks */,
				C45445241D1BB93800CC9214 /* Resources */,
			);
			buildRules = (
			);
			dependencies = (
			);
			name = "Easy Authen";
			productName = "Easy Authen";
			productReference = C45445261D1BB93800CC9214 /* Easy Authen.app */;
			productType = "com.apple.product-type.application";
		};
		C45445391D1BB93900CC9214 /* Easy AuthenTests */ = {
			isa = PBXNativeTarget;
			buildConfigurationList = C45445511D1BB93900CC9214 /* Build configuration list for PBXNativeTarget "Easy AuthenTests" */;
			buildPhases = (
				C45445361D1BB93900CC9214 /* Sources */,
				C45445371D1BB93900CC9214 /* Frameworks */,
				C45445381D1BB93900CC9214 /* Resources */,
			);
			buildRules = (
			);
			dependencies = (
				C454453C1D1BB93900CC9214 /* PBXTargetDependency */,
			);
			name = "Easy AuthenTests";
			productName = "Easy AuthenTests";
			productReference = C454453A1D1BB93900CC9214 /* Easy AuthenTests.xctest */;
			productType = "com.apple.product-type.bundle.unit-test";
		};
		C45445441D1BB93900CC9214 /* Easy AuthenUITests */ = {
			isa = PBXNativeTarget;
			buildConfigurationList = C45445541D1BB93900CC9214 /* Build configuration list for PBXNativeTarget "Easy AuthenUITests" */;
			buildPhases = (
				C45445411D1BB93900CC9214 /* Sources */,
				C45445421D1BB93900CC9214 /* Frameworks */,
				C45445431D1BB93900CC9214 /* Resources */,
			);
			buildRules = (
			);
			dependencies = (
				C45445471D1BB93900CC9214 /* PBXTargetDependency */,
			);
			name = "Easy AuthenUITests";
			productName = "Easy AuthenUITests";
			productReference = C45445451D1BB93900CC9214 /* Easy AuthenUITests.xctest */;
			productType = "com.apple.product-type.bundle.ui-testing";
		};
/* End PBXNativeTarget section */

/* Begin PBXProject section */
		C454451E1D1BB93800CC9214 /* Project object */ = {
			isa = PBXProject;
			attributes = {
				LastSwiftUpdateCheck = 0730;
				LastUpgradeCheck = 0730;
				ORGANIZATIONNAME = masterUNG;
				TargetAttributes = {
					C45445251D1BB93800CC9214 = {
						CreatedOnToolsVersion = 7.3.1;
					};
					C45445391D1BB93900CC9214 = {
						CreatedOnToolsVersion = 7.3.1;
						TestTargetID = C45445251D1BB93800CC9214;
					};
					C45445441D1BB93900CC9214 = {
						CreatedOnToolsVersion = 7.3.1;
						TestTargetID = C45445251D1BB93800CC9214;
					};
				};
			};
			buildConfigurationList = C45445211D1BB93800CC9214 /* Build configuration list for PBXProject "Easy Authen" */;
			compatibilityVersion = "Xcode 3.2";
			developmentRegion = English;
			hasScannedForEncodings = 0;
			knownRegions = (
				en,
				Base,
			);
			mainGroup = C454451D1D1BB93800CC9214;
			productRefGroup = C45445271D1BB93800CC9214 /* Products */;
			projectDirPath = "";
			projectRoot = "";
			targets = (
				C45445251D1BB93800CC9214 /* Easy Authen */,
				C45445391D1BB93900CC9214 /* Easy AuthenTests */,
				C45445441D1BB93900CC9214 /* Easy AuthenUITests */,
			);
		};
/* End PBXProject section */

/* Begin PBXResourcesBuildPhase section */
		C45445241D1BB93800CC9214 /* Resources */ = {
			isa = PBXResourcesBuildPhase;
			buildActionMask = 2147483647;
			files = (
				C45445341D1BB93800CC9214 /* LaunchScreen.storyboard in Resources */,
				C45445311D1BB93800CC9214 /* Assets.xcassets in Resources */,
				C454452F1D1BB93800CC9214 /* Main.storyboard in Resources */,
			);
			runOnlyForDeploymentPostprocessing = 0;
		};
		C45445381D1BB93900CC9214 /* Resources */ = {
			isa = PBXResourcesBuildPhase;
			buildActionMask = 2147483647;
			files = (
			);
			runOnlyForDeploymentPostprocessing = 0;
		};
		C45445431D1BB93900CC9214 /* Resources */ = {
			isa = PBXResourcesBuildPhase;
			buildActionMask = 2147483647;
			files = (
			);
			runOnlyForDeploymentPostprocessing = 0;
		};
/* End PBXResourcesBuildPhase section */

/* Begin PBXSourcesBuildPhase section */
		C45445221D1BB93800CC9214 /* Sources */ = {
			isa = PBXSourcesBuildPhase;
			buildActionMask = 2147483647;
			files = (
				C454452C1D1BB93800CC9214 /* ViewController.swift in Sources */,
				C454452A1D1BB93800CC9214 /* AppDelegate.swift in Sources */,
				C45445581D1BD22100CC9214 /* ServiceViewController.swift in Sources */,
			);
			runOnlyForDeploymentPostprocessing = 0;
		};
		C45445361D1BB93900CC9214 /* Sources */ = {
			isa = PBXSourcesBuildPhase;
			buildActionMask = 2147483647;
			files = (
				C454453F1D1BB93900CC9214 /* Easy_AuthenTests.swift in Sources */,
			);
			runOnlyForDeploymentPostprocessing = 0;
		};
		C45445411D1BB93900CC9214 /* Sources */ = {
			isa = PBXSourcesBuildPhase;
			buildActionMask = 2147483647;
			files = (
				C454454A1D1BB93900CC9214 /* Easy_AuthenUITests.swift in Sources */,
			);
			runOnlyForDeploymentPostprocessing = 0;
		};
/* End PBXSourcesBuildPhase section */

/* Begin PBXTargetDependency section */
		C454453C1D1BB93900CC9214 /* PBXTargetDependency */ = {
			isa = PBXTargetDependency;
			target = C45445251D1BB93800CC9214 /* Easy Authen */;
			targetProxy = C454453B1D1BB93900CC9214 /* PBXContainerItemProxy */;
		};
		C45445471D1BB93900CC9214 /* PBXTargetDependency */ = {
			isa = PBXTargetDependency;
			target = C45445251D1BB93800CC9214 /* Easy Authen */;
			targetProxy = C45445461D1BB93900CC9214 /* PBXContainerItemProxy */;
		};
/* End PBXTargetDependency section */

/* Begin PBXVariantGroup section */
		C454452D1D1BB93800CC9214 /* Main.storyboard */ = {
			isa = PBXVariantGroup;
			children = (
				C454452E1D1BB93800CC9214 /* Base */,
			);
			name = Main.storyboard;
			sourceTree = "<group>";
		};
		C45445321D1BB93800CC9214 /* LaunchScreen.storyboard */ = {
			isa = PBXVariantGroup;
			children = (
				C45445331D1BB93800CC9214 /* Base */,
			);
			name = LaunchScreen.storyboard;
			sourceTree = "<group>";
		};
/* End PBXVariantGroup section */

/* Begin XCBuildConfiguration section */
		C454454C1D1BB93900CC9214 /* Debug */ = {
			isa = XCBuildConfiguration;
			buildSettings = {
				ALWAYS_SEARCH_USER_PATHS = NO;
				CLANG_ANALYZER_NONNULL = YES;
				CLANG_CXX_LANGUAGE_STANDARD = "gnu++0x";
				CLANG_CXX_LIBRARY = "libc++";
				CLANG_ENABLE_MODULES = YES;
				CLANG_ENABLE_OBJC_ARC = YES;
				CLANG_WARN_BOOL_CONVERSION = YES;
				CLANG_WARN_CONSTANT_CONVERSION = YES;
				CLANG_WARN_DIRECT_OBJC_ISA_USAGE = YES_ERROR;
				CLANG_WARN_EMPTY_BODY = YES;
				CLANG_WARN_ENUM_CONVERSION = YES;
				CLANG_WARN_INT_CONVERSION = YES;
				CLANG_WARN_OBJC_ROOT_CLASS = YES_ERROR;
				CLANG_WARN_UNREACHABLE_CODE = YES;
				CLANG_WARN__DUPLICATE_METHOD_MATCH = YES;
				"CODE_SIGN_IDENTITY[sdk=iphoneos*]" = "iPhone Developer";
				COPY_PHASE_STRIP = NO;
				DEBUG_INFORMATION_FORMAT = dwarf;
				ENABLE_STRICT_OBJC_MSGSEND = YES;
				ENABLE_TESTABILITY = YES;
				GCC_C_LANGUAGE_STANDARD = gnu99;
				GCC_DYNAMIC_NO_PIC = NO;
				GCC_NO_COMMON_BLOCKS = YES;
				GCC_OPTIMIZATION_LEVEL = 0;
				GCC_PREPROCESSOR_DEFINITIONS = (
					"DEBUG=1",
					"$(inherited)",
				);
				GCC_WARN_64_TO_32_BIT_CONVERSION = YES;
				GCC_WARN_ABOUT_RETURN_TYPE = YES_ERROR;
				GCC_WARN_UNDECLARED_SELECTOR = YES;
				GCC_WARN_UNINITIALIZED_AUTOS = YES_AGGRESSIVE;
				GCC_WARN_UNUSED_FUNCTION = YES;
				GCC_WARN_UNUSED_VARIABLE = YES;
				IPHONEOS_DEPLOYMENT_TARGET = 9.3;
				MTL_ENABLE_DEBUG_INFO = YES;
				ONLY_ACTIVE_ARCH = YES;
				SDKROOT = iphoneos;
				SWIFT_OPTIMIZATION_LEVEL = "-Onone";
			};
			name = Debug;
		};
		C454454D1D1BB93900CC9214 /* Release */ = {
			isa = XCBuildConfiguration;
			buildSettings = {
				ALWAYS_SEARCH_USER_PATHS = NO;
				CLANG_ANALYZER_NONNULL = YES;
				CLANG_CXX_LANGUAGE_STANDARD = "gnu++0x";
				CLANG_CXX_LIBRARY = "libc++";
				CLANG_ENABLE_MODULES = YES;
				CLANG_ENABLE_OBJC_ARC = YES;
				CLANG_WARN_BOOL_CONVERSION = YES;
				CLANG_WARN_CONSTANT_CONVERSION = YES;
				CLANG_WARN_DIRECT_OBJC_ISA_USAGE = YES_ERROR;
				CLANG_WARN_EMPTY_BODY = YES;
				CLANG_WARN_ENUM_CONVERSION = YES;
				CLANG_WARN_INT_CONVERSION = YES;
				CLANG_WARN_OBJC_ROOT_CLASS = YES_ERROR;
				CLANG_WARN_UNREACHABLE_CODE = YES;
				CLANG_WARN__DUPLICATE_METHOD_MATCH = YES;
				"CODE_SIGN_IDENTITY[sdk=iphoneos*]" = "iPhone Developer";
				COPY_PHASE_STRIP = NO;
				DEBUG_INFORMATION_FORMAT = "dwarf-with-dsym";
				ENABLE_NS_ASSERTIONS = NO;
				ENABLE_STRICT_OBJC_MSGSEND = YES;
				GCC_C_LANGUAGE_STANDARD = gnu99;
				GCC_NO_COMMON_BLOCKS = YES;
				GCC_WARN_64_TO_32_BIT_CONVERSION = YES;
				GCC_WARN_ABOUT_RETURN_TYPE = YES_ERROR;
				GCC_WARN_UNDECLARED_SELECTOR = YES;
				GCC_WARN_UNINITIALIZED_AUTOS = YES_AGGRESSIVE;
				GCC_WARN_UNUSED_FUNCTION = YES;
				GCC_WARN_UNUSED_VARIABLE = YES;
				IPHONEOS_DEPLOYMENT_TARGET = 9.3;
				MTL_ENABLE_DEBUG_INFO = NO;
				SDKROOT = iphoneos;
				VALIDATE_PRODUCT = YES;
			};
			name = Release;
		};
		C454454F1D1BB93900CC9214 /* Debug */ = {
			isa = XCBuildConfiguration;
			buildSettings = {
				ASSETCATALOG_COMPILER_APPICON_NAME = AppIcon;
				INFOPLIST_FILE = "Easy Authen/Info.plist";
				LD_RUNPATH_SEARCH_PATHS = "$(inherited) @executable_path/Frameworks";
				PRODUCT_BUNDLE_IDENTIFIER = "app.masterUNG.EWTC.Easy-Authen";
				PRODUCT_NAME = "$(TARGET_NAME)";
			};
			name = Debug;
		};
		C45445501D1BB93900CC9214 /* Release */ = {
			isa = XCBuildConfiguration;
			buildSettings = {
				ASSETCATALOG_COMPILER_APPICON_NAME = AppIcon;
				INFOPLIST_FILE = "Easy Authen/Info.plist";
				LD_RUNPATH_SEARCH_PATHS = "$(inherited) @executable_path/Frameworks";
				PRODUCT_BUNDLE_IDENTIFIER = "app.masterUNG.EWTC.Easy-Authen";
				PRODUCT_NAME = "$(TARGET_NAME)";
			};
			name = Release;
		};
		C45445521D1BB93900CC9214 /* Debug */ = {
			isa = XCBuildConfiguration;
			buildSettings = {
				BUNDLE_LOADER = "$(TEST_HOST)";
				INFOPLIST_FILE = "Easy AuthenTests/Info.plist";
				LD_RUNPATH_SEARCH_PATHS = "$(inherited) @executable_path/Frameworks @loader_path/Frameworks";
				PRODUCT_BUNDLE_IDENTIFIER = "app.masterUNG.EWTC.Easy-AuthenTests";
				PRODUCT_NAME = "$(TARGET_NAME)";
				TEST_HOST = "$(BUILT_PRODUCTS_DIR)/Easy Authen.app/Easy Authen";
			};
			name = Debug;
		};
		C45445531D1BB93900CC9214 /* Release */ = {
			isa = XCBuildConfiguration;
			buildSettings = {
				BUNDLE_LOADER = "$(TEST_HOST)";
				INFOPLIST_FILE = "Easy AuthenTests/Info.plist";
				LD_RUNPATH_SEARCH_PATHS = "$(inherited) @executable_path/Frameworks @loader_path/Frameworks";
				PRODUCT_BUNDLE_IDENTIFIER = "app.masterUNG.EWTC.Easy-AuthenTests";
				PRODUCT_NAME = "$(TARGET_NAME)";
				TEST_HOST = "$(BUILT_PRODUCTS_DIR)/Easy Authen.app/Easy Authen";
			};
			name = Release;
		};
		C45445551D1BB93900CC9214 /* Debug */ = {
			isa = XCBuildConfiguration;
			buildSettings = {
				INFOPLIST_FILE = "Easy AuthenUITests/Info.plist";
				LD_RUNPATH_SEARCH_PATHS = "$(inherited) @executable_path/Frameworks @loader_path/Frameworks";
				PRODUCT_BUNDLE_IDENTIFIER = "app.masterUNG.EWTC.Easy-AuthenUITests";
				PRODUCT_NAME = "$(TARGET_NAME)";
				TEST_TARGET_NAME = "Easy Authen";
			};
			name = Debug;
		};
		C45445561D1BB93900CC9214 /* Release */ = {
			isa = XCBuildConfiguration;
			buildSettings = {
				INFOPLIST_FILE = "Easy AuthenUITests/Info.plist";
				LD_RUNPATH_SEARCH_PATHS = "$(inherited) @executable_path/Frameworks @loader_path/Frameworks";
				PRODUCT_BUNDLE_IDENTIFIER = "app.masterUNG.EWTC.Easy-AuthenUITests";
				PRODUCT_NAME = "$(TARGET_NAME)";
				TEST_TARGET_NAME = "Easy Authen";
			};
			name = Release;
		};
/* End XCBuildConfiguration section */

/* Begin XCConfigurationList section */
		C45445211D1BB93800CC9214 /* Build configuration list for PBXProject "Easy Authen" */ = {
			isa = XCConfigurationList;
			buildConfigurations = (
				C454454C1D1BB93900CC9214 /* Debug */,
				C454454D1D1BB93900CC9214 /* Release */,
			);
			defaultConfigurationIsVisible = 0;
			defaultConfigurationName = Release;
		};
		C454454E1D1BB93900CC9214 /* Build configuration list for PBXNativeTarget "Easy Authen" */ = {
			isa = XCConfigurationList;
			buildConfigurations = (
				C454454F1D1BB93900CC9214 /* Debug */,
				C45445501D1BB93900CC9214 /* Release */,
			);
			defaultConfigurationIsVisible = 0;
		};
		C45445511D1BB93900CC9214 /* Build configuration list for PBXNativeTarget "Easy AuthenTests" */ = {
			isa = XCConfigurationList;
			buildConfigurations = (
				C45445521D1BB93900CC9214 /* Debug */,
				C45445531D1BB93900CC9214 /* Release */,
			);
			defaultConfigurationIsVisible = 0;
		};
		C45445541D1BB93900CC9214 /* Build configuration list for PBXNativeTarget "Easy AuthenUITests" */ = {
			isa = XCConfigurationList;
			buildConfigurations = (
				C45445551D1BB93900CC9214 /* Debug */,
				C45445561D1BB93900CC9214 /* Release */,
			);
			defaultConfigurationIsVisible = 0;
		};
/* End XCConfigurationList section */
	};
	rootObject = C454451E1D1BB93800CC9214 /* Project object */;
}
